
Microsoft Visual Studio Solution File, Format Version 12.00
# Visual Studio Version 17
VisualStudioVersion = 17.10.34916.146
MinimumVisualStudioVersion = 10.0.40219.1
Project("{FAE04EC0-301F-11D3-BF4B-00C04F79EFBC}") = "OverrRidee", "OverrRidee\OverrRidee.csproj", "{942C89ED-939C-43DB-A863-CDAA933E9548}"
EndProject
Global
	GlobalSection(SolutionConfigurationPlatforms) = preSolution
		Debug|Any CPU = Debug|Any CPU
		Release|Any CPU = Release|Any CPU
	EndGlobalSection
	GlobalSection(ProjectConfigurationPlatforms) = postSolution
		{942C89ED-939C-43DB-A863-CDAA933E9548}.Debug|Any CPU.ActiveCfg = Debug|Any CPU
		{942C89ED-939C-43DB-A863-CDAA933E9548}.Debug|Any CPU.Build.0 = Debug|Any CPU
		{942C89ED-939C-43DB-A863-CDAA933E9548}.Release|Any CPU.ActiveCfg = Release|Any CPU
		{942C89ED-939C-43DB-A863-CDAA933E9548}.Release|Any CPU.Build.0 = Release|Any CPU
	EndGlobalSection
	GlobalSection(SolutionProperties) = preSolution
		HideSolutionNode = FALSE
	EndGlobalSection
	GlobalSection(ExtensibilityGlobals) = postSolution
		SolutionGuid = {2F50CD80-B1AD-4FD5-AB2F-622B34749E86}
	EndGlobalSection
EndGlobal
